
Microsoft Visual Studio Solution File, Format Version 12.00
# Visual Studio Version 17
VisualStudioVersion = 17.3.32804.467
MinimumVisualStudioVersion = 10.0.40219.1
Project("{FAE04EC0-301F-11D3-BF4B-00C04F79EFBC}") = "SalesOrder", "SalesOrder\SalesOrder.csproj", "{AAE11F58-6DBD-442B-9615-31492709544A}"
EndProject
Global
	GlobalSection(SolutionConfigurationPlatforms) = preSolution
		Debug|Any CPU = Debug|Any CPU
		Release|Any CPU = Release|Any CPU
	EndGlobalSection
	GlobalSection(ProjectConfigurationPlatforms) = postSolution
		{AAE11F58-6DBD-442B-9615-31492709544A}.Debug|Any CPU.ActiveCfg = Debug|Any CPU
		{AAE11F58-6DBD-442B-9615-31492709544A}.Debug|Any CPU.Build.0 = Debug|Any CPU
		{AAE11F58-6DBD-442B-9615-31492709544A}.Release|Any CPU.ActiveCfg = Release|Any CPU
		{AAE11F58-6DBD-442B-9615-31492709544A}.Release|Any CPU.Build.0 = Release|Any CPU
	EndGlobalSection
	GlobalSection(SolutionProperties) = preSolution
		HideSolutionNode = FALSE
	EndGlobalSection
	GlobalSection(ExtensibilityGlobals) = postSolution
		SolutionGuid = {A8B34019-99EE-4143-BDE4-C31DEB819CBD}
	EndGlobalSection
EndGlobal
